
Microsoft Visual Studio Solution File, Format Version 12.00
# Visual Studio Version 17
VisualStudioVersion = 17.9.34701.34
MinimumVisualStudioVersion = 10.0.40219.1
Project("{FAE04EC0-301F-11D3-BF4B-00C04F79EFBC}") = "technicalResoultion", "technicalResoultion\technicalResoultion.csproj", "{4F0C025C-B0F0-48C6-8157-37A5D3B70285}"
EndProject
Global
	GlobalSection(SolutionConfigurationPlatforms) = preSolution
		Debug|Any CPU = Debug|Any CPU
		Release|Any CPU = Release|Any CPU
	EndGlobalSection
	GlobalSection(ProjectConfigurationPlatforms) = postSolution
		{4F0C025C-B0F0-48C6-8157-37A5D3B70285}.Debug|Any CPU.ActiveCfg = Debug|Any CPU
		{4F0C025C-B0F0-48C6-8157-37A5D3B70285}.Debug|Any CPU.Build.0 = Debug|Any CPU
		{4F0C025C-B0F0-48C6-8157-37A5D3B70285}.Release|Any CPU.ActiveCfg = Release|Any CPU
		{4F0C025C-B0F0-48C6-8157-37A5D3B70285}.Release|Any CPU.Build.0 = Release|Any CPU
	EndGlobalSection
	GlobalSection(SolutionProperties) = preSolution
		HideSolutionNode = FALSE
	EndGlobalSection
	GlobalSection(ExtensibilityGlobals) = postSolution
		SolutionGuid = {EFC79C36-CDA3-49C3-8679-B847ABE3FFE6}
	EndGlobalSection
EndGlobal
